{
  "version": 1,
  "dependencies": {
    ".NETFramework,Version=v4.6.2": {
      "Digitalroot.Valheim.Common.References": {
        "type": "Direct",
        "requested": "[0.212.18, )",
        "resolved": "0.212.18",
        "contentHash": "7If2WpFYCgDDkF+R6Cdl4pExlTPairmciUeHr4TYapXGW3I1E2DGQyeqwY8nnL33ulp0zPnKGlQWFqrUEOPONA=="
      }
    }
  }
}